// !$*UTF8*$!
{
	archiveVersion = 1;
	classes = {
	};
	objectVersion = 46;
	objects = {

/* Begin PBXBuildFile section */
		7D73FA73A2E642D5B062CA3E /* Pods_JSON.framework in Frameworks */ = {isa = PBXBuildFile; fileRef = F217D40F6585CBB0C19DA68B /* Pods_JSON.framework */; };
		7DBA0BF01F02DAAD004F3324 /* AppDelegate.swift in Sources */ = {isa = PBXBuildFile; fileRef = 7DBA0BEF1F02DAAD004F3324 /* AppDelegate.swift */; };
		7DBA0BF51F02DAAD004F3324 /* Main.storyboard in Resources */ = {isa = PBXBuildFile; fileRef = 7DBA0BF31F02DAAD004F3324 /* Main.storyboard */; };
		7DBA0BF71F02DAAD004F3324 /* Assets.xcassets in Resources */ = {isa = PBXBuildFile; fileRef = 7DBA0BF61F02DAAD004F3324 /* Assets.xcassets */; };
		7DBA0BFA1F02DAAD004F3324 /* LaunchScreen.storyboard in Resources */ = {isa = PBXBuildFile; fileRef = 7DBA0BF81F02DAAD004F3324 /* LaunchScreen.storyboard */; };
		7DBA0C021F02E9A1004F3324 /* JSONTableViewCell.swift in Sources */ = {isa = PBXBuildFile; fileRef = 7DBA0C011F02E9A1004F3324 /* JSONTableViewCell.swift */; };
		7DBA0C041F02EAC5004F3324 /* NewsTableViewController.swift in Sources */ = {isa = PBXBuildFile; fileRef = 7DBA0C031F02EAC5004F3324 /* NewsTableViewController.swift */; };
		7DBA0C061F0300A5004F3324 /* Extensions.swift in Sources */ = {isa = PBXBuildFile; fileRef = 7DBA0C051F0300A5004F3324 /* Extensions.swift */; };
/* End PBXBuildFile section */

/* Begin PBXFileReference section */
		0E51C6A4F543C0911F60EADD /* Pods-JSON.debug.xcconfig */ = {isa = PBXFileReference; includeInIndex = 1; lastKnownFileType = text.xcconfig; name = "Pods-JSON.debug.xcconfig"; path = "Pods/Target Support Files/Pods-JSON/Pods-JSON.debug.xcconfig"; sourceTree = "<group>"; };
		7DBA0BEC1F02DAAD004F3324 /* JSON.app */ = {isa = PBXFileReference; explicitFileType = wrapper.application; includeInIndex = 0; path = JSON.app; sourceTree = BUILT_PRODUCTS_DIR; };
		7DBA0BEF1F02DAAD004F3324 /* AppDelegate.swift */ = {isa = PBXFileReference; lastKnownFileType = sourcecode.swift; path = AppDelegate.swift; sourceTree = "<group>"; };
		7DBA0BF41F02DAAD004F3324 /* Base */ = {isa = PBXFileReference; lastKnownFileType = file.storyboard; name = Base; path = Base.lproj/Main.storyboard; sourceTree = "<group>"; };
		7DBA0BF61F02DAAD004F3324 /* Assets.xcassets */ = {isa = PBXFileReference; lastKnownFileType = folder.assetcatalog; path = Assets.xcassets; sourceTree = "<group>"; };
		7DBA0BF91F02DAAD004F3324 /* Base */ = {isa = PBXFileReference; lastKnownFileType = file.storyboard; name = Base; path = Base.lproj/LaunchScreen.storyboard; sourceTree = "<group>"; };
		7DBA0BFB1F02DAAD004F3324 /* Info.plist */ = {isa = PBXFileReference; lastKnownFileType = text.plist.xml; path = Info.plist; sourceTree = "<group>"; };
		7DBA0C011F02E9A1004F3324 /* JSONTableViewCell.swift */ = {isa = PBXFileReference; fileEncoding = 4; lastKnownFileType = sourcecode.swift; path = JSONTableViewCell.swift; sourceTree = "<group>"; };
		7DBA0C031F02EAC5004F3324 /* NewsTableViewController.swift */ = {isa = PBXFileReference; fileEncoding = 4; lastKnownFileType = sourcecode.swift; path = NewsTableViewController.swift; sourceTree = "<group>"; };
		7DBA0C051F0300A5004F3324 /* Extensions.swift */ = {isa = PBXFileReference; fileEncoding = 4; lastKnownFileType = sourcecode.swift; path = Extensions.swift; sourceTree = "<group>"; };
		8706ED2D4FFD609ABCD4E205 /* Pods-JSON.release.xcconfig */ = {isa = PBXFileReference; includeInIndex = 1; lastKnownFileType = text.xcconfig; name = "Pods-JSON.release.xcconfig"; path = "Pods/Target Support Files/Pods-JSON/Pods-JSON.release.xcconfig"; sourceTree = "<group>"; };
		F217D40F6585CBB0C19DA68B /* Pods_JSON.framework */ = {isa = PBXFileReference; explicitFileType = wrapper.framework; includeInIndex = 0; path = Pods_JSON.framework; sourceTree = BUILT_PRODUCTS_DIR; };
/* End PBXFileReference section */

/* Begin PBXFrameworksBuildPhase section */
		7DBA0BE91F02DAAD004F3324 /* Frameworks */ = {
			isa = PBXFrameworksBuildPhase;
			buildActionMask = 2147483647;
			files = (
				7D73FA73A2E642D5B062CA3E /* Pods_JSON.framework in Frameworks */,
			);
			runOnlyForDeploymentPostprocessing = 0;
		};
/* End PBXFrameworksBuildPhase section */

/* Begin PBXGroup section */
		4515194584E0AB8025D2C1D8 /* Pods */ = {
			isa = PBXGroup;
			children = (
				0E51C6A4F543C0911F60EADD /* Pods-JSON.debug.xcconfig */,
				8706ED2D4FFD609ABCD4E205 /* Pods-JSON.release.xcconfig */,
			);
			name = Pods;
			sourceTree = "<group>";
		};
		7DBA0BE31F02DAAD004F3324 = {
			isa = PBXGroup;
			children = (
				7DBA0BEE1F02DAAD004F3324 /* JSON */,
				7DBA0BED1F02DAAD004F3324 /* Products */,
				4515194584E0AB8025D2C1D8 /* Pods */,
				D79FE8F7BBC8CFDB71C49D67 /* Frameworks */,
			);
			sourceTree = "<group>";
		};
		7DBA0BED1F02DAAD004F3324 /* Products */ = {
			isa = PBXGroup;
			children = (
				7DBA0BEC1F02DAAD004F3324 /* JSON.app */,
			);
			name = Products;
			sourceTree = "<group>";
		};
		7DBA0BEE1F02DAAD004F3324 /* JSON */ = {
			isa = PBXGroup;
			children = (
				7DBA0BEF1F02DAAD004F3324 /* AppDelegate.swift */,
				7DBA0C031F02EAC5004F3324 /* NewsTableViewController.swift */,
				7DBA0C051F0300A5004F3324 /* Extensions.swift */,
				7DBA0C011F02E9A1004F3324 /* JSONTableViewCell.swift */,
				7DBA0BF31F02DAAD004F3324 /* Main.storyboard */,
				7DBA0BF61F02DAAD004F3324 /* Assets.xcassets */,
				7DBA0BF81F02DAAD004F3324 /* LaunchScreen.storyboard */,
				7DBA0BFB1F02DAAD004F3324 /* Info.plist */,
			);
			path = JSON;
			sourceTree = "<group>";
		};
		D79FE8F7BBC8CFDB71C49D67 /* Frameworks */ = {
			isa = PBXGroup;
			children = (
				F217D40F6585CBB0C19DA68B /* Pods_JSON.framework */,
			);
			name = Frameworks;
			sourceTree = "<group>";
		};
/* End PBXGroup section */

/* Begin PBXNativeTarget section */
		7DBA0BEB1F02DAAD004F3324 /* JSON */ = {
			isa = PBXNativeTarget;
			buildConfigurationList = 7DBA0BFE1F02DAAD004F3324 /* Build configuration list for PBXNativeTarget "JSON" */;
			buildPhases = (
				024DDAEECE92209DAE8134EF /* [CP] Check Pods Manifest.lock */,
				7DBA0BE81F02DAAD004F3324 /* Sources */,
				7DBA0BE91F02DAAD004F3324 /* Frameworks */,
				7DBA0BEA1F02DAAD004F3324 /* Resources */,
				83FCB0A51F9CD0808A0DEDFD /* [CP] Embed Pods Frameworks */,
				E3582A574078180D145989FC /* [CP] Copy Pods Resources */,
			);
			buildRules = (
			);
			dependencies = (
			);
			name = JSON;
			productName = JSON;
			productReference = 7DBA0BEC1F02DAAD004F3324 /* JSON.app */;
			productType = "com.apple.product-type.application";
		};
/* End PBXNativeTarget section */

/* Begin PBXProject section */
		7DBA0BE41F02DAAD004F3324 /* Project object */ = {
			isa = PBXProject;
			attributes = {
				LastSwiftUpdateCheck = 0820;
				LastUpgradeCheck = 0820;
				ORGANIZATIONNAME = Sponti;
				TargetAttributes = {
					7DBA0BEB1F02DAAD004F3324 = {
						CreatedOnToolsVersion = 8.2.1;
						DevelopmentTeam = 4HKPZS96DV;
						ProvisioningStyle = Automatic;
					};
				};
			};
			buildConfigurationList = 7DBA0BE71F02DAAD004F3324 /* Build configuration list for PBXProject "JSON" */;
			compatibilityVersion = "Xcode 3.2";
			developmentRegion = English;
			hasScannedForEncodings = 0;
			knownRegions = (
				en,
				Base,
			);
			mainGroup = 7DBA0BE31F02DAAD004F3324;
			productRefGroup = 7DBA0BED1F02DAAD004F3324 /* Products */;
			projectDirPath = "";
			projectRoot = "";
			targets = (
				7DBA0BEB1F02DAAD004F3324 /* JSON */,
			);
		};
/* End PBXProject section */

/* Begin PBXResourcesBuildPhase section */
		7DBA0BEA1F02DAAD004F3324 /* Resources */ = {
			isa = PBXResourcesBuildPhase;
			buildActionMask = 2147483647;
			files = (
				7DBA0BFA1F02DAAD004F3324 /* LaunchScreen.storyboard in Resources */,
				7DBA0BF71F02DAAD004F3324 /* Assets.xcassets in Resources */,
				7DBA0BF51F02DAAD004F3324 /* Main.storyboard in Resources */,
			);
			runOnlyForDeploymentPostprocessing = 0;
		};
/* End PBXResourcesBuildPhase section */

/* Begin PBXShellScriptBuildPhase section */
		024DDAEECE92209DAE8134EF /* [CP] Check Pods Manifest.lock */ = {
			isa = PBXShellScriptBuildPhase;
			buildActionMask = 2147483647;
			files = (
			);
			inputPaths = (
			);
			name = "[CP] Check Pods Manifest.lock";
			outputPaths = (
			);
			runOnlyForDeploymentPostprocessing = 0;
			shellPath = /bin/sh;
			shellScript = "diff \"${PODS_ROOT}/../Podfile.lock\" \"${PODS_ROOT}/Manifest.lock\" > /dev/null\nif [ $? != 0 ] ; then\n    # print error to STDERR\n    echo \"error: The sandbox is not in sync with the Podfile.lock. Run 'pod install' or update your CocoaPods installation.\" >&2\n    exit 1\nfi\n";
			showEnvVarsInLog = 0;
		};
		83FCB0A51F9CD0808A0DEDFD /* [CP] Embed Pods Frameworks */ = {
			isa = PBXShellScriptBuildPhase;
			buildActionMask = 2147483647;
			files = (
			);
			inputPaths = (
			);
			name = "[CP] Embed Pods Frameworks";
			outputPaths = (
			);
			runOnlyForDeploymentPostprocessing = 0;
			shellPath = /bin/sh;
			shellScript = "\"${SRCROOT}/Pods/Target Support Files/Pods-JSON/Pods-JSON-frameworks.sh\"\n";
			showEnvVarsInLog = 0;
		};
		E3582A574078180D145989FC /* [CP] Copy Pods Resources */ = {
			isa = PBXShellScriptBuildPhase;
			buildActionMask = 2147483647;
			files = (
			);
			inputPaths = (
			);
			name = "[CP] Copy Pods Resources";
			outputPaths = (
			);
			runOnlyForDeploymentPostprocessing = 0;
			shellPath = /bin/sh;
			shellScript = "\"${SRCROOT}/Pods/Target Support Files/Pods-JSON/Pods-JSON-resources.sh\"\n";
			showEnvVarsInLog = 0;
		};
/* End PBXShellScriptBuildPhase section */

/* Begin PBXSourcesBuildPhase section */
		7DBA0BE81F02DAAD004F3324 /* Sources */ = {
			isa = PBXSourcesBuildPhase;
			buildActionMask = 2147483647;
			files = (
				7DBA0C041F02EAC5004F3324 /* NewsTableViewController.swift in Sources */,
				7DBA0BF01F02DAAD004F3324 /* AppDelegate.swift in Sources */,
				7DBA0C021F02E9A1004F3324 /* JSONTableViewCell.swift in Sources */,
				7DBA0C061F0300A5004F3324 /* Extensions.swift in Sources */,
			);
			runOnlyForDeploymentPostprocessing = 0;
		};
/* End PBXSourcesBuildPhase section */

/* Begin PBXVariantGroup section */
		7DBA0BF31F02DAAD004F3324 /* Main.storyboard */ = {
			isa = PBXVariantGroup;
			children = (
				7DBA0BF41F02DAAD004F3324 /* Base */,
			);
			name = Main.storyboard;
			sourceTree = "<group>";
		};
		7DBA0BF81F02DAAD004F3324 /* LaunchScreen.storyboard */ = {
			isa = PBXVariantGroup;
			children = (
				7DBA0BF91F02DAAD004F3324 /* Base */,
			);
			name = LaunchScreen.storyboard;
			sourceTree = "<group>";
		};
/* End PBXVariantGroup section */

/* Begin XCBuildConfiguration section */
		7DBA0BFC1F02DAAD004F3324 /* Debug */ = {
			isa = XCBuildConfiguration;
			buildSettings = {
				ALWAYS_SEARCH_USER_PATHS = NO;
				CLANG_ANALYZER_NONNULL = YES;
				CLANG_CXX_LANGUAGE_STANDARD = "gnu++0x";
				CLANG_CXX_LIBRARY = "libc++";
				CLANG_ENABLE_MODULES = YES;
				CLANG_ENABLE_OBJC_ARC = YES;
				CLANG_WARN_BOOL_CONVERSION = YES;
				CLANG_WARN_CONSTANT_CONVERSION = YES;
				CLANG_WARN_DIRECT_OBJC_ISA_USAGE = YES_ERROR;
				CLANG_WARN_DOCUMENTATION_COMMENTS = YES;
				CLANG_WARN_EMPTY_BODY = YES;
				CLANG_WARN_ENUM_CONVERSION = YES;
				CLANG_WARN_INFINITE_RECURSION = YES;
				CLANG_WARN_INT_CONVERSION = YES;
				CLANG_WARN_OBJC_ROOT_CLASS = YES_ERROR;
				CLANG_WARN_SUSPICIOUS_MOVE = YES;
				CLANG_WARN_UNREACHABLE_CODE = YES;
				CLANG_WARN__DUPLICATE_METHOD_MATCH = YES;
				"CODE_SIGN_IDENTITY[sdk=iphoneos*]" = "iPhone Developer";
				COPY_PHASE_STRIP = NO;
				DEBUG_INFORMATION_FORMAT = dwarf;
				ENABLE_STRICT_OBJC_MSGSEND = YES;
				ENABLE_TESTABILITY = YES;
				GCC_C_LANGUAGE_STANDARD = gnu99;
				GCC_DYNAMIC_NO_PIC = NO;
				GCC_NO_COMMON_BLOCKS = YES;
				GCC_OPTIMIZATION_LEVEL = 0;
				GCC_PREPROCESSOR_DEFINITIONS = (
					"DEBUG=1",
					"$(inherited)",
				);
				GCC_WARN_64_TO_32_BIT_CONVERSION = YES;
				GCC_WARN_ABOUT_RETURN_TYPE = YES_ERROR;
				GCC_WARN_UNDECLARED_SELECTOR = YES;
				GCC_WARN_UNINITIALIZED_AUTOS = YES_AGGRESSIVE;
				GCC_WARN_UNUSED_FUNCTION = YES;
				GCC_WARN_UNUSED_VARIABLE = YES;
				IPHONEOS_DEPLOYMENT_TARGET = 10.2;
				MTL_ENABLE_DEBUG_INFO = YES;
				ONLY_ACTIVE_ARCH = YES;
				SDKROOT = iphoneos;
				SWIFT_ACTIVE_COMPILATION_CONDITIONS = DEBUG;
				SWIFT_OPTIMIZATION_LEVEL = "-Onone";
				TARGETED_DEVICE_FAMILY = "1,2";
			};
			name = Debug;
		};
		7DBA0BFD1F02DAAD004F3324 /* Release */ = {
			isa = XCBuildConfiguration;
			buildSettings = {
				ALWAYS_SEARCH_USER_PATHS = NO;
				CLANG_ANALYZER_NONNULL = YES;
				CLANG_CXX_LANGUAGE_STANDARD = "gnu++0x";
				CLANG_CXX_LIBRARY = "libc++";
				CLANG_ENABLE_MODULES = YES;
				CLANG_ENABLE_OBJC_ARC = YES;
				CLANG_WARN_BOOL_CONVERSION = YES;
				CLANG_WARN_CONSTANT_CONVERSION = YES;
				CLANG_WARN_DIRECT_OBJC_ISA_USAGE = YES_ERROR;
				CLANG_WARN_DOCUMENTATION_COMMENTS = YES;
				CLANG_WARN_EMPTY_BODY = YES;
				CLANG_WARN_ENUM_CONVERSION = YES;
				CLANG_WARN_INFINITE_RECURSION = YES;
				CLANG_WARN_INT_CONVERSION = YES;
				CLANG_WARN_OBJC_ROOT_CLASS = YES_ERROR;
				CLANG_WARN_SUSPICIOUS_MOVE = YES;
				CLANG_WARN_UNREACHABLE_CODE = YES;
				CLANG_WARN__DUPLICATE_METHOD_MATCH = YES;
				"CODE_SIGN_IDENTITY[sdk=iphoneos*]" = "iPhone Developer";
				COPY_PHASE_STRIP = NO;
				DEBUG_INFORMATION_FORMAT = "dwarf-with-dsym";
				ENABLE_NS_ASSERTIONS = NO;
				ENABLE_STRICT_OBJC_MSGSEND = YES;
				GCC_C_LANGUAGE_STANDARD = gnu99;
				GCC_NO_COMMON_BLOCKS = YES;
				GCC_WARN_64_TO_32_BIT_CONVERSION = YES;
				GCC_WARN_ABOUT_RETURN_TYPE = YES_ERROR;
				GCC_WARN_UNDECLARED_SELECTOR = YES;
				GCC_WARN_UNINITIALIZED_AUTOS = YES_AGGRESSIVE;
				GCC_WARN_UNUSED_FUNCTION = YES;
				GCC_WARN_UNUSED_VARIABLE = YES;
				IPHONEOS_DEPLOYMENT_TARGET = 10.2;
				MTL_ENABLE_DEBUG_INFO = NO;
				SDKROOT = iphoneos;
				SWIFT_OPTIMIZATION_LEVEL = "-Owholemodule";
				TARGETED_DEVICE_FAMILY = "1,2";
				VALIDATE_PRODUCT = YES;
			};
			name = Release;
		};
		7DBA0BFF1F02DAAD004F3324 /* Debug */ = {
			isa = XCBuildConfiguration;
			baseConfigurationReference = 0E51C6A4F543C0911F60EADD /* Pods-JSON.debug.xcconfig */;
			buildSettings = {
				ASSETCATALOG_COMPILER_APPICON_NAME = AppIcon;
				DEVELOPMENT_TEAM = 4HKPZS96DV;
				INFOPLIST_FILE = JSON/Info.plist;
				LD_RUNPATH_SEARCH_PATHS = "$(inherited) @executable_path/Frameworks";
				PRODUCT_BUNDLE_IDENTIFIER = com.Sponti.JSON;
				PRODUCT_NAME = "$(TARGET_NAME)";
				SWIFT_VERSION = 3.0;
			};
			name = Debug;
		};
		7DBA0C001F02DAAD004F3324 /* Release */ = {
			isa = XCBuildConfiguration;
			baseConfigurationReference = 8706ED2D4FFD609ABCD4E205 /* Pods-JSON.release.xcconfig */;
			buildSettings = {
				ASSETCATALOG_COMPILER_APPICON_NAME = AppIcon;
				DEVELOPMENT_TEAM = 4HKPZS96DV;
				INFOPLIST_FILE = JSON/Info.plist;
				LD_RUNPATH_SEARCH_PATHS = "$(inherited) @executable_path/Frameworks";
				PRODUCT_BUNDLE_IDENTIFIER = com.Sponti.JSON;
				PRODUCT_NAME = "$(TARGET_NAME)";
				SWIFT_VERSION = 3.0;
			};
			name = Release;
		};
/* End XCBuildConfiguration section */

/* Begin XCConfigurationList section */
		7DBA0BE71F02DAAD004F3324 /* Build configuration list for PBXProject "JSON" */ = {
			isa = XCConfigurationList;
			buildConfigurations = (
				7DBA0BFC1F02DAAD004F3324 /* Debug */,
				7DBA0BFD1F02DAAD004F3324 /* Release */,
			);
			defaultConfigurationIsVisible = 0;
			defaultConfigurationName = Release;
		};
		7DBA0BFE1F02DAAD004F3324 /* Build configuration list for PBXNativeTarget "JSON" */ = {
			isa = XCConfigurationList;
			buildConfigurations = (
				7DBA0BFF1F02DAAD004F3324 /* Debug */,
				7DBA0C001F02DAAD004F3324 /* Release */,
			);
			defaultConfigurationIsVisible = 0;
			defaultConfigurationName = Release;
		};
/* End XCConfigurationList section */
	};
	rootObject = 7DBA0BE41F02DAAD004F3324 /* Project object */;
}
